
Microsoft Visual Studio Solution File, Format Version 12.00
# Visual Studio Version 17
VisualStudioVersion = 17.9.34723.18
MinimumVisualStudioVersion = 10.0.40219.1
Project("{9A19103F-16F7-4668-BE54-9A1E7A4F7556}") = "2024-06-10 - Lesson (Intro to Microsoft .NET)", "2024-06-10 - Lesson (Intro to Microsoft .NET)\2024-06-10 - Lesson (Intro to Microsoft .NET).csproj", "{6CAB62C9-348D-4987-9877-450772B475B0}"
EndProject
Project("{9A19103F-16F7-4668-BE54-9A1E7A4F7556}") = "2024-06-10 - HW (Intro to Microsoft .NET)", "2024-06-10 - HW (Intro to Microsoft .NET)\2024-06-10 - HW (Intro to Microsoft .NET).csproj", "{DC51263A-DC06-4611-83F4-4E5CF695492C}"
EndProject
Project("{9A19103F-16F7-4668-BE54-9A1E7A4F7556}") = "2024-06-12 - Lesson (Array)", "2024-06-12 - Lesson (Array)\2024-06-12 - Lesson (Array).csproj", "{8D2B7F0E-3719-4C55-8C01-FDB2D386D89A}"
EndProject
Project("{FAE04EC0-301F-11D3-BF4B-00C04F79EFBC}") = "2024-06-12 - HW (Array)", "2024-06-12 - HW (Array)\2024-06-12 - HW (Array).csproj", "{7ED8F653-3DA5-464B-A5A1-EC3CE1B17030}"
EndProject
Global
	GlobalSection(SolutionConfigurationPlatforms) = preSolution
		Debug|Any CPU = Debug|Any CPU
		Release|Any CPU = Release|Any CPU
	EndGlobalSection
	GlobalSection(ProjectConfigurationPlatforms) = postSolution
		{6CAB62C9-348D-4987-9877-450772B475B0}.Debug|Any CPU.ActiveCfg = Debug|Any CPU
		{6CAB62C9-348D-4987-9877-450772B475B0}.Debug|Any CPU.Build.0 = Debug|Any CPU
		{6CAB62C9-348D-4987-9877-450772B475B0}.Release|Any CPU.ActiveCfg = Release|Any CPU
		{6CAB62C9-348D-4987-9877-450772B475B0}.Release|Any CPU.Build.0 = Release|Any CPU
		{DC51263A-DC06-4611-83F4-4E5CF695492C}.Debug|Any CPU.ActiveCfg = Debug|Any CPU
		{DC51263A-DC06-4611-83F4-4E5CF695492C}.Debug|Any CPU.Build.0 = Debug|Any CPU
		{DC51263A-DC06-4611-83F4-4E5CF695492C}.Release|Any CPU.ActiveCfg = Release|Any CPU
		{DC51263A-DC06-4611-83F4-4E5CF695492C}.Release|Any CPU.Build.0 = Release|Any CPU
		{8D2B7F0E-3719-4C55-8C01-FDB2D386D89A}.Debug|Any CPU.ActiveCfg = Debug|Any CPU
		{8D2B7F0E-3719-4C55-8C01-FDB2D386D89A}.Debug|Any CPU.Build.0 = Debug|Any CPU
		{8D2B7F0E-3719-4C55-8C01-FDB2D386D89A}.Release|Any CPU.ActiveCfg = Release|Any CPU
		{8D2B7F0E-3719-4C55-8C01-FDB2D386D89A}.Release|Any CPU.Build.0 = Release|Any CPU
		{7ED8F653-3DA5-464B-A5A1-EC3CE1B17030}.Debug|Any CPU.ActiveCfg = Debug|Any CPU
		{7ED8F653-3DA5-464B-A5A1-EC3CE1B17030}.Debug|Any CPU.Build.0 = Debug|Any CPU
		{7ED8F653-3DA5-464B-A5A1-EC3CE1B17030}.Release|Any CPU.ActiveCfg = Release|Any CPU
		{7ED8F653-3DA5-464B-A5A1-EC3CE1B17030}.Release|Any CPU.Build.0 = Release|Any CPU
	EndGlobalSection
	GlobalSection(SolutionProperties) = preSolution
		HideSolutionNode = FALSE
	EndGlobalSection
	GlobalSection(ExtensibilityGlobals) = postSolution
		SolutionGuid = {AC49A22D-8E55-4A39-8B89-848D28DCB331}
	EndGlobalSection
EndGlobal
